
Microsoft Visual Studio Solution File, Format Version 12.00
# Visual Studio Version 17
VisualStudioVersion = 17.2.32630.192
MinimumVisualStudioVersion = 10.0.40219.1
Project("{2150E333-8FDC-42A3-9474-1A3956D46DE8}") = "CustomerAccount", "CustomerAccount", "{0B2F5448-1804-4FF3-B0DE-EB74FE2C89C1}"
EndProject
Project("{9A19103F-16F7-4668-BE54-9A1E7A4F7556}") = "CustomerAccount.Data", "CustomerAccount.Data\CustomerAccount.Data.csproj", "{18F1FFF8-C5E8-48DE-A3DE-C420F09D2656}"
EndProject
Project("{9A19103F-16F7-4668-BE54-9A1E7A4F7556}") = "CustomerAccount.Services", "CustomerAccount.Services\CustomerAccount.Services.csproj", "{76BB2BBC-E0FE-403A-81D5-2189E4C69AFE}"
EndProject
Project("{9A19103F-16F7-4668-BE54-9A1E7A4F7556}") = "CustomerAccount.WebAPI", "CustomerAccount.WebAPI\CustomerAccount.WebAPI.csproj", "{FBA3E6D4-FD8B-42AB-AE0E-E6D9A714280F}"
EndProject
Project("{2150E333-8FDC-42A3-9474-1A3956D46DE8}") = "NSBMessages", "NSBMessages", "{D3DACD34-01F7-4A7D-9B5D-6BD682E32459}"
EndProject
Project("{9A19103F-16F7-4668-BE54-9A1E7A4F7556}") = "Messages", "Messages\Messages.csproj", "{609AFEF8-4F3D-45E2-9CB7-2E04FD439EA9}"
EndProject
Project("{2150E333-8FDC-42A3-9474-1A3956D46DE8}") = "Transactions", "Transactions", "{E25E695E-6C3A-41DE-8B36-469AD5F7EE1B}"
EndProject
Project("{9A19103F-16F7-4668-BE54-9A1E7A4F7556}") = "Transaction.WebAPI", "Transaction.WebAPI\Transaction.WebAPI.csproj", "{D5B9DF68-ED60-4EEC-BE48-D4311EBCB40F}"
EndProject
Project("{9A19103F-16F7-4668-BE54-9A1E7A4F7556}") = "Transaction.Services", "Transaction.Services\Transaction.Services.csproj", "{CB957DE8-D16F-4E51-A249-879FE2086CE9}"
EndProject
Project("{9A19103F-16F7-4668-BE54-9A1E7A4F7556}") = "Transaction.Data", "Transaction.Data\Transaction.Data.csproj", "{6975E269-4127-4CA8-A1F2-280841707AC2}"
EndProject
Global
	GlobalSection(SolutionConfigurationPlatforms) = preSolution
		Debug|Any CPU = Debug|Any CPU
		Release|Any CPU = Release|Any CPU
	EndGlobalSection
	GlobalSection(ProjectConfigurationPlatforms) = postSolution
		{18F1FFF8-C5E8-48DE-A3DE-C420F09D2656}.Debug|Any CPU.ActiveCfg = Debug|Any CPU
		{18F1FFF8-C5E8-48DE-A3DE-C420F09D2656}.Debug|Any CPU.Build.0 = Debug|Any CPU
		{18F1FFF8-C5E8-48DE-A3DE-C420F09D2656}.Release|Any CPU.ActiveCfg = Release|Any CPU
		{18F1FFF8-C5E8-48DE-A3DE-C420F09D2656}.Release|Any CPU.Build.0 = Release|Any CPU
		{76BB2BBC-E0FE-403A-81D5-2189E4C69AFE}.Debug|Any CPU.ActiveCfg = Debug|Any CPU
		{76BB2BBC-E0FE-403A-81D5-2189E4C69AFE}.Debug|Any CPU.Build.0 = Debug|Any CPU
		{76BB2BBC-E0FE-403A-81D5-2189E4C69AFE}.Release|Any CPU.ActiveCfg = Release|Any CPU
		{76BB2BBC-E0FE-403A-81D5-2189E4C69AFE}.Release|Any CPU.Build.0 = Release|Any CPU
		{FBA3E6D4-FD8B-42AB-AE0E-E6D9A714280F}.Debug|Any CPU.ActiveCfg = Debug|Any CPU
		{FBA3E6D4-FD8B-42AB-AE0E-E6D9A714280F}.Debug|Any CPU.Build.0 = Debug|Any CPU
		{FBA3E6D4-FD8B-42AB-AE0E-E6D9A714280F}.Release|Any CPU.ActiveCfg = Release|Any CPU
		{FBA3E6D4-FD8B-42AB-AE0E-E6D9A714280F}.Release|Any CPU.Build.0 = Release|Any CPU
		{609AFEF8-4F3D-45E2-9CB7-2E04FD439EA9}.Debug|Any CPU.ActiveCfg = Debug|Any CPU
		{609AFEF8-4F3D-45E2-9CB7-2E04FD439EA9}.Debug|Any CPU.Build.0 = Debug|Any CPU
		{609AFEF8-4F3D-45E2-9CB7-2E04FD439EA9}.Release|Any CPU.ActiveCfg = Release|Any CPU
		{609AFEF8-4F3D-45E2-9CB7-2E04FD439EA9}.Release|Any CPU.Build.0 = Release|Any CPU
		{D5B9DF68-ED60-4EEC-BE48-D4311EBCB40F}.Debug|Any CPU.ActiveCfg = Debug|Any CPU
		{D5B9DF68-ED60-4EEC-BE48-D4311EBCB40F}.Debug|Any CPU.Build.0 = Debug|Any CPU
		{D5B9DF68-ED60-4EEC-BE48-D4311EBCB40F}.Release|Any CPU.ActiveCfg = Release|Any CPU
		{D5B9DF68-ED60-4EEC-BE48-D4311EBCB40F}.Release|Any CPU.Build.0 = Release|Any CPU
		{CB957DE8-D16F-4E51-A249-879FE2086CE9}.Debug|Any CPU.ActiveCfg = Debug|Any CPU
		{CB957DE8-D16F-4E51-A249-879FE2086CE9}.Debug|Any CPU.Build.0 = Debug|Any CPU
		{CB957DE8-D16F-4E51-A249-879FE2086CE9}.Release|Any CPU.ActiveCfg = Release|Any CPU
		{CB957DE8-D16F-4E51-A249-879FE2086CE9}.Release|Any CPU.Build.0 = Release|Any CPU
		{6975E269-4127-4CA8-A1F2-280841707AC2}.Debug|Any CPU.ActiveCfg = Debug|Any CPU
		{6975E269-4127-4CA8-A1F2-280841707AC2}.Debug|Any CPU.Build.0 = Debug|Any CPU
		{6975E269-4127-4CA8-A1F2-280841707AC2}.Release|Any CPU.ActiveCfg = Release|Any CPU
		{6975E269-4127-4CA8-A1F2-280841707AC2}.Release|Any CPU.Build.0 = Release|Any CPU
	EndGlobalSection
	GlobalSection(SolutionProperties) = preSolution
		HideSolutionNode = FALSE
	EndGlobalSection
	GlobalSection(NestedProjects) = preSolution
		{18F1FFF8-C5E8-48DE-A3DE-C420F09D2656} = {0B2F5448-1804-4FF3-B0DE-EB74FE2C89C1}
		{76BB2BBC-E0FE-403A-81D5-2189E4C69AFE} = {0B2F5448-1804-4FF3-B0DE-EB74FE2C89C1}
		{FBA3E6D4-FD8B-42AB-AE0E-E6D9A714280F} = {0B2F5448-1804-4FF3-B0DE-EB74FE2C89C1}
		{609AFEF8-4F3D-45E2-9CB7-2E04FD439EA9} = {D3DACD34-01F7-4A7D-9B5D-6BD682E32459}
		{D5B9DF68-ED60-4EEC-BE48-D4311EBCB40F} = {E25E695E-6C3A-41DE-8B36-469AD5F7EE1B}
		{CB957DE8-D16F-4E51-A249-879FE2086CE9} = {E25E695E-6C3A-41DE-8B36-469AD5F7EE1B}
		{6975E269-4127-4CA8-A1F2-280841707AC2} = {E25E695E-6C3A-41DE-8B36-469AD5F7EE1B}
	EndGlobalSection
	GlobalSection(ExtensibilityGlobals) = postSolution
		SolutionGuid = {F115D688-4032-4A40-8E79-D9C9AF532773}
	EndGlobalSection
EndGlobal
